
Microsoft Visual Studio Solution File, Format Version 12.00
# Visual Studio Version 17
VisualStudioVersion = 17.5.33516.290
MinimumVisualStudioVersion = 10.0.40219.1
Project("{FAE04EC0-301F-11D3-BF4B-00C04F79EFBC}") = "Dz 1", "Dz 1\Dz 1.csproj", "{8B98AD4E-FF63-4BFD-A84F-EAB29AF877BD}"
EndProject
Global
	GlobalSection(SolutionConfigurationPlatforms) = preSolution
		Debug|Any CPU = Debug|Any CPU
		Release|Any CPU = Release|Any CPU
	EndGlobalSection
	GlobalSection(ProjectConfigurationPlatforms) = postSolution
		{8B98AD4E-FF63-4BFD-A84F-EAB29AF877BD}.Debug|Any CPU.ActiveCfg = Debug|Any CPU
		{8B98AD4E-FF63-4BFD-A84F-EAB29AF877BD}.Debug|Any CPU.Build.0 = Debug|Any CPU
		{8B98AD4E-FF63-4BFD-A84F-EAB29AF877BD}.Release|Any CPU.ActiveCfg = Release|Any CPU
		{8B98AD4E-FF63-4BFD-A84F-EAB29AF877BD}.Release|Any CPU.Build.0 = Release|Any CPU
	EndGlobalSection
	GlobalSection(SolutionProperties) = preSolution
		HideSolutionNode = FALSE
	EndGlobalSection
	GlobalSection(ExtensibilityGlobals) = postSolution
		SolutionGuid = {A71904DF-09A5-4F0D-91B0-F4F0B0DFD5B4}
	EndGlobalSection
EndGlobal
